# This file is generated by running "yarn install" inside your project.
# Manual changes might be lost - proceed with caution!

__metadata:
  version: 6
  cacheKey: 8

"node-cron@npm:^3.0.3":
  version: 3.0.3
  resolution: "node-cron@npm:3.0.3"
  dependencies:
    uuid: 8.3.2
  checksum: 351c37491ebf717d0ae69cc941465de118e5c2ef5d48bc3f87c98556241b060f100402c8a618c7b86f9f626b44756b20d8b5385b70e52f80716f21e55db0f1c5
  languageName: node
  linkType: hard

"uuid@npm:8.3.2":
  version: 8.3.2
  resolution: "uuid@npm:8.3.2"
  bin:
    uuid: dist/bin/uuid
  checksum: 5575a8a75c13120e2f10e6ddc801b2c7ed7d8f3c8ac22c7ed0c7b2ba6383ec0abda88c905085d630e251719e0777045ae3236f04c812184b7c765f63a70e58df
  languageName: node
  linkType: hard

"yuchubu-client@workspace:.":
  version: 0.0.0-use.local
  resolution: "yuchubu-client@workspace:."
  dependencies:
    node-cron: ^3.0.3
  languageName: unknown
  linkType: soft
